
Microsoft Visual Studio Solution File, Format Version 12.00
# Visual Studio Version 16
VisualStudioVersion = 16.0.32413.511
MinimumVisualStudioVersion = 10.0.40219.1
Project("{8BC9CEB8-8B4A-11D0-8D11-00A0C91BC942}") = "extends_example", "extends_example\extends_example.vcxproj", "{A8AA7D7B-09B6-4994-845E-BABC7CC46B33}"
EndProject
Global
	GlobalSection(SolutionConfigurationPlatforms) = preSolution
		Debug|x64 = Debug|x64
		Debug|x86 = Debug|x86
		Release|x64 = Release|x64
		Release|x86 = Release|x86
	EndGlobalSection
	GlobalSection(ProjectConfigurationPlatforms) = postSolution
		{A8AA7D7B-09B6-4994-845E-BABC7CC46B33}.Debug|x64.ActiveCfg = Debug|x64
		{A8AA7D7B-09B6-4994-845E-BABC7CC46B33}.Debug|x64.Build.0 = Debug|x64
		{A8AA7D7B-09B6-4994-845E-BABC7CC46B33}.Debug|x86.ActiveCfg = Debug|Win32
		{A8AA7D7B-09B6-4994-845E-BABC7CC46B33}.Debug|x86.Build.0 = Debug|Win32
		{A8AA7D7B-09B6-4994-845E-BABC7CC46B33}.Release|x64.ActiveCfg = Release|x64
		{A8AA7D7B-09B6-4994-845E-BABC7CC46B33}.Release|x64.Build.0 = Release|x64
		{A8AA7D7B-09B6-4994-845E-BABC7CC46B33}.Release|x86.ActiveCfg = Release|Win32
		{A8AA7D7B-09B6-4994-845E-BABC7CC46B33}.Release|x86.Build.0 = Release|Win32
	EndGlobalSection
	GlobalSection(SolutionProperties) = preSolution
		HideSolutionNode = FALSE
	EndGlobalSection
	GlobalSection(ExtensibilityGlobals) = postSolution
		SolutionGuid = {984F1020-2825-4FA3-8AF2-3BB0845CA1AB}
	EndGlobalSection
EndGlobal
